
Microsoft Visual Studio Solution File, Format Version 12.00
# Visual Studio Version 17
VisualStudioVersion = 17.4.33122.133
MinimumVisualStudioVersion = 10.0.40219.1
Project("{9A19103F-16F7-4668-BE54-9A1E7A4F7556}") = "01152023_Reddit_ScreenshotGifBot", "01152023_Reddit_ScreenshotGifBot.csproj", "{F58AEE31-4F57-4C70-9C13-F601FF386FCE}"
EndProject
Project("{2150E333-8FDC-42A3-9474-1A3956D46DE8}") = "Solution Items", "Solution Items", "{67243997-146D-4D4B-90B9-350F961F7614}"
	ProjectSection(SolutionItems) = preProject
		.editorconfig = .editorconfig
	EndProjectSection
EndProject
Global
	GlobalSection(SolutionConfigurationPlatforms) = preSolution
		Debug|Any CPU = Debug|Any CPU
		Release|Any CPU = Release|Any CPU
	EndGlobalSection
	GlobalSection(ProjectConfigurationPlatforms) = postSolution
		{F58AEE31-4F57-4C70-9C13-F601FF386FCE}.Debug|Any CPU.ActiveCfg = Debug|Any CPU
		{F58AEE31-4F57-4C70-9C13-F601FF386FCE}.Debug|Any CPU.Build.0 = Debug|Any CPU
		{F58AEE31-4F57-4C70-9C13-F601FF386FCE}.Release|Any CPU.ActiveCfg = Release|Any CPU
		{F58AEE31-4F57-4C70-9C13-F601FF386FCE}.Release|Any CPU.Build.0 = Release|Any CPU
	EndGlobalSection
	GlobalSection(SolutionProperties) = preSolution
		HideSolutionNode = FALSE
	EndGlobalSection
	GlobalSection(ExtensibilityGlobals) = postSolution
		SolutionGuid = {6EF79FDB-54BE-43FD-B9D3-B23D6247BEB0}
	EndGlobalSection
EndGlobal
